
Microsoft Visual Studio Solution File, Format Version 12.00
# Visual Studio for Mac
Project("{FAE04EC0-301F-11D3-BF4B-00C04F79EFBC}") = "ColorBlind1", "Assembly-CSharp.csproj", "{383D3897-E8AE-48C8-425F-34E3C1199C24}"
EndProject
Global
	GlobalSection(SolutionConfigurationPlatforms) = preSolution
		Debug|Any CPU = Debug|Any CPU
		Release|Any CPU = Release|Any CPU
	EndGlobalSection
	GlobalSection(ProjectConfigurationPlatforms) = postSolution
		{383D3897-E8AE-48C8-425F-34E3C1199C24}.Debug|Any CPU.ActiveCfg = Debug|Any CPU
		{383D3897-E8AE-48C8-425F-34E3C1199C24}.Debug|Any CPU.Build.0 = Debug|Any CPU
		{383D3897-E8AE-48C8-425F-34E3C1199C24}.Release|Any CPU.ActiveCfg = Release|Any CPU
		{383D3897-E8AE-48C8-425F-34E3C1199C24}.Release|Any CPU.Build.0 = Release|Any CPU
	EndGlobalSection
	GlobalSection(SolutionProperties) = preSolution
		HideSolutionNode = FALSE
	EndGlobalSection
EndGlobal
